
Microsoft Visual Studio Solution File, Format Version 12.00
# Visual Studio Version 17
VisualStudioVersion = 17.8.34511.84
MinimumVisualStudioVersion = 10.0.40219.1
Project("{FAE04EC0-301F-11D3-BF4B-00C04F79EFBC}") = "IntroductionToBootstrapModals", "IntroductionToBootstrapModals\IntroductionToBootstrapModals.csproj", "{EC308F1A-3B7C-4C43-8102-97B68E0A5533}"
EndProject
Global
	GlobalSection(SolutionConfigurationPlatforms) = preSolution
		Debug|Any CPU = Debug|Any CPU
		Release|Any CPU = Release|Any CPU
	EndGlobalSection
	GlobalSection(ProjectConfigurationPlatforms) = postSolution
		{EC308F1A-3B7C-4C43-8102-97B68E0A5533}.Debug|Any CPU.ActiveCfg = Debug|Any CPU
		{EC308F1A-3B7C-4C43-8102-97B68E0A5533}.Debug|Any CPU.Build.0 = Debug|Any CPU
		{EC308F1A-3B7C-4C43-8102-97B68E0A5533}.Release|Any CPU.ActiveCfg = Release|Any CPU
		{EC308F1A-3B7C-4C43-8102-97B68E0A5533}.Release|Any CPU.Build.0 = Release|Any CPU
	EndGlobalSection
	GlobalSection(SolutionProperties) = preSolution
		HideSolutionNode = FALSE
	EndGlobalSection
	GlobalSection(ExtensibilityGlobals) = postSolution
		SolutionGuid = {C91CFBC0-F928-47BA-9B86-B2E34B6A7786}
	EndGlobalSection
EndGlobal
